
Microsoft Visual Studio Solution File, Format Version 12.00
# Visual Studio Version 17
VisualStudioVersion = 17.8.34408.163
MinimumVisualStudioVersion = 10.0.40219.1
Project("{FAE04EC0-301F-11D3-BF4B-00C04F79EFBC}") = "лаба8.1", "лаба8.1\лаба8.1.csproj", "{5390BA2B-E9A0-435A-8366-338830B556EF}"
EndProject
Global
	GlobalSection(SolutionConfigurationPlatforms) = preSolution
		Debug|Any CPU = Debug|Any CPU
		Release|Any CPU = Release|Any CPU
	EndGlobalSection
	GlobalSection(ProjectConfigurationPlatforms) = postSolution
		{5390BA2B-E9A0-435A-8366-338830B556EF}.Debug|Any CPU.ActiveCfg = Debug|Any CPU
		{5390BA2B-E9A0-435A-8366-338830B556EF}.Debug|Any CPU.Build.0 = Debug|Any CPU
		{5390BA2B-E9A0-435A-8366-338830B556EF}.Release|Any CPU.ActiveCfg = Release|Any CPU
		{5390BA2B-E9A0-435A-8366-338830B556EF}.Release|Any CPU.Build.0 = Release|Any CPU
	EndGlobalSection
	GlobalSection(SolutionProperties) = preSolution
		HideSolutionNode = FALSE
	EndGlobalSection
	GlobalSection(ExtensibilityGlobals) = postSolution
		SolutionGuid = {D2CE23EE-D868-4424-A1CF-D45065BF58A1}
	EndGlobalSection
EndGlobal
